
Microsoft Visual Studio Solution File, Format Version 12.00
# Visual Studio Version 17
VisualStudioVersion = 17.9.34723.18
MinimumVisualStudioVersion = 10.0.40219.1
Project("{FAE04EC0-301F-11D3-BF4B-00C04F79EFBC}") = "test-cicd", "test-cicd.csproj", "{327093DF-E291-412E-8FDB-D087908B707E}"
EndProject
Global
	GlobalSection(SolutionConfigurationPlatforms) = preSolution
		Debug|Any CPU = Debug|Any CPU
		Release|Any CPU = Release|Any CPU
	EndGlobalSection
	GlobalSection(ProjectConfigurationPlatforms) = postSolution
		{327093DF-E291-412E-8FDB-D087908B707E}.Debug|Any CPU.ActiveCfg = Debug|Any CPU
		{327093DF-E291-412E-8FDB-D087908B707E}.Debug|Any CPU.Build.0 = Debug|Any CPU
		{327093DF-E291-412E-8FDB-D087908B707E}.Release|Any CPU.ActiveCfg = Release|Any CPU
		{327093DF-E291-412E-8FDB-D087908B707E}.Release|Any CPU.Build.0 = Release|Any CPU
	EndGlobalSection
	GlobalSection(SolutionProperties) = preSolution
		HideSolutionNode = FALSE
	EndGlobalSection
	GlobalSection(ExtensibilityGlobals) = postSolution
		SolutionGuid = {AD881D25-7F1A-465F-8CD5-BC804DB80E58}
	EndGlobalSection
EndGlobal
